
Microsoft Visual Studio Solution File, Format Version 12.00
# Visual Studio 2012
Project("{FAE04EC0-301F-11D3-BF4B-00C04F79EFBC}") = "ReportEngine.Docx", "ReportEngine.Docx\ReportEngine.Docx.csproj", "{C1D60633-A583-4D9B-908B-5DF455ABCA36}"
EndProject
Project("{FAE04EC0-301F-11D3-BF4B-00C04F79EFBC}") = "ReportEngine.Docx.Sample", "ReportEngine.Docx.Sample\ReportEngine.Docx.Sample.csproj", "{5167541F-5904-46ED-8965-30CA28D43A9B}"
EndProject
Global
	GlobalSection(SolutionConfigurationPlatforms) = preSolution
		Debug|Any CPU = Debug|Any CPU
		Release|Any CPU = Release|Any CPU
	EndGlobalSection
	GlobalSection(ProjectConfigurationPlatforms) = postSolution
		{C1D60633-A583-4D9B-908B-5DF455ABCA36}.Debug|Any CPU.ActiveCfg = Debug|Any CPU
		{C1D60633-A583-4D9B-908B-5DF455ABCA36}.Debug|Any CPU.Build.0 = Debug|Any CPU
		{C1D60633-A583-4D9B-908B-5DF455ABCA36}.Release|Any CPU.ActiveCfg = Release|Any CPU
		{C1D60633-A583-4D9B-908B-5DF455ABCA36}.Release|Any CPU.Build.0 = Release|Any CPU
		{5167541F-5904-46ED-8965-30CA28D43A9B}.Debug|Any CPU.ActiveCfg = Debug|Any CPU
		{5167541F-5904-46ED-8965-30CA28D43A9B}.Debug|Any CPU.Build.0 = Debug|Any CPU
		{5167541F-5904-46ED-8965-30CA28D43A9B}.Release|Any CPU.ActiveCfg = Release|Any CPU
		{5167541F-5904-46ED-8965-30CA28D43A9B}.Release|Any CPU.Build.0 = Release|Any CPU
	EndGlobalSection
	GlobalSection(SolutionProperties) = preSolution
		HideSolutionNode = FALSE
	EndGlobalSection
EndGlobal
